// !$*UTF8*$!
{
	archiveVersion = 1;
	classes = {
	};
	objectVersion = 50;
	objects = {

/* Begin PBXBuildFile section */
		321B1AAA21359A94001AA2B9 /* AppDelegate.swift in Sources */ = {isa = PBXBuildFile; fileRef = 321B1AA921359A94001AA2B9 /* AppDelegate.swift */; };
		321B1AB421359A95001AA2B9 /* LaunchScreen.storyboard in Resources */ = {isa = PBXBuildFile; fileRef = 321B1AB221359A95001AA2B9 /* LaunchScreen.storyboard */; };
		321B1ABC21359AC9001AA2B9 /* DataModle.swift in Sources */ = {isa = PBXBuildFile; fileRef = 321B1ABB21359AC9001AA2B9 /* DataModle.swift */; };
		321B1ABE21359B61001AA2B9 /* minecraft.txt in Resources */ = {isa = PBXBuildFile; fileRef = 321B1ABD21359B61001AA2B9 /* minecraft.txt */; };
		321B1AC021359FDD001AA2B9 /* Storyboard.storyboard in Resources */ = {isa = PBXBuildFile; fileRef = 321B1ABF21359FDD001AA2B9 /* Storyboard.storyboard */; };
		321B1AC22135A00F001AA2B9 /* ViewController.swift in Sources */ = {isa = PBXBuildFile; fileRef = 321B1AC12135A00F001AA2B9 /* ViewController.swift */; };
		321B1AC82135A5DF001AA2B9 /* Media.xcassets in Resources */ = {isa = PBXBuildFile; fileRef = 321B1AC72135A5DF001AA2B9 /* Media.xcassets */; };
		321B1ACA2135AB30001AA2B9 /* DetailViewController.swift in Sources */ = {isa = PBXBuildFile; fileRef = 321B1AC92135AB30001AA2B9 /* DetailViewController.swift */; };
/* End PBXBuildFile section */

/* Begin PBXFileReference section */
		321B1AA621359A94001AA2B9 /* MincraftDicFazitFinal.app */ = {isa = PBXFileReference; explicitFileType = wrapper.application; includeInIndex = 0; path = MincraftDicFazitFinal.app; sourceTree = BUILT_PRODUCTS_DIR; };
		321B1AA921359A94001AA2B9 /* AppDelegate.swift */ = {isa = PBXFileReference; lastKnownFileType = sourcecode.swift; path = AppDelegate.swift; sourceTree = "<group>"; };
		321B1AB321359A95001AA2B9 /* Base */ = {isa = PBXFileReference; lastKnownFileType = file.storyboard; name = Base; path = Base.lproj/LaunchScreen.storyboard; sourceTree = "<group>"; };
		321B1AB521359A95001AA2B9 /* Info.plist */ = {isa = PBXFileReference; lastKnownFileType = text.plist.xml; path = Info.plist; sourceTree = "<group>"; };
		321B1ABB21359AC9001AA2B9 /* DataModle.swift */ = {isa = PBXFileReference; lastKnownFileType = sourcecode.swift; path = DataModle.swift; sourceTree = "<group>"; };
		321B1ABD21359B61001AA2B9 /* minecraft.txt */ = {isa = PBXFileReference; fileEncoding = 4; lastKnownFileType = text; path = minecraft.txt; sourceTree = "<group>"; };
		321B1ABF21359FDD001AA2B9 /* Storyboard.storyboard */ = {isa = PBXFileReference; lastKnownFileType = file.storyboard; path = Storyboard.storyboard; sourceTree = "<group>"; };
		321B1AC12135A00F001AA2B9 /* ViewController.swift */ = {isa = PBXFileReference; lastKnownFileType = sourcecode.swift; path = ViewController.swift; sourceTree = "<group>"; };
		321B1AC72135A5DF001AA2B9 /* Media.xcassets */ = {isa = PBXFileReference; lastKnownFileType = folder.assetcatalog; path = Media.xcassets; sourceTree = "<group>"; };
		321B1AC92135AB30001AA2B9 /* DetailViewController.swift */ = {isa = PBXFileReference; lastKnownFileType = sourcecode.swift; path = DetailViewController.swift; sourceTree = "<group>"; };
/* End PBXFileReference section */

/* Begin PBXFrameworksBuildPhase section */
		321B1AA321359A94001AA2B9 /* Frameworks */ = {
			isa = PBXFrameworksBuildPhase;
			buildActionMask = 2147483647;
			files = (
			);
			runOnlyForDeploymentPostprocessing = 0;
		};
/* End PBXFrameworksBuildPhase section */

/* Begin PBXGroup section */
		321B1A9D21359A94001AA2B9 = {
			isa = PBXGroup;
			children = (
				321B1AA821359A94001AA2B9 /* MincraftDicFazitFinal */,
				321B1AA721359A94001AA2B9 /* Products */,
				321B1AB221359A95001AA2B9 /* LaunchScreen.storyboard */,
			);
			sourceTree = "<group>";
		};
		321B1AA721359A94001AA2B9 /* Products */ = {
			isa = PBXGroup;
			children = (
				321B1AA621359A94001AA2B9 /* MincraftDicFazitFinal.app */,
			);
			name = Products;
			sourceTree = "<group>";
		};
		321B1AA821359A94001AA2B9 /* MincraftDicFazitFinal */ = {
			isa = PBXGroup;
			children = (
				321B1AA921359A94001AA2B9 /* AppDelegate.swift */,
				321B1AB521359A95001AA2B9 /* Info.plist */,
				321B1ABB21359AC9001AA2B9 /* DataModle.swift */,
				321B1ABF21359FDD001AA2B9 /* Storyboard.storyboard */,
				321B1AC92135AB30001AA2B9 /* DetailViewController.swift */,
				321B1AC12135A00F001AA2B9 /* ViewController.swift */,
				321B1ABD21359B61001AA2B9 /* minecraft.txt */,
				321B1AC72135A5DF001AA2B9 /* Media.xcassets */,
			);
			path = MincraftDicFazitFinal;
			sourceTree = "<group>";
		};
/* End PBXGroup section */

/* Begin PBXNativeTarget section */
		321B1AA521359A94001AA2B9 /* MincraftDicFazitFinal */ = {
			isa = PBXNativeTarget;
			buildConfigurationList = 321B1AB821359A95001AA2B9 /* Build configuration list for PBXNativeTarget "MincraftDicFazitFinal" */;
			buildPhases = (
				321B1AA221359A94001AA2B9 /* Sources */,
				321B1AA321359A94001AA2B9 /* Frameworks */,
				321B1AA421359A94001AA2B9 /* Resources */,
			);
			buildRules = (
			);
			dependencies = (
			);
			name = MincraftDicFazitFinal;
			productName = MincraftDicFazitFinal;
			productReference = 321B1AA621359A94001AA2B9 /* MincraftDicFazitFinal.app */;
			productType = "com.apple.product-type.application";
		};
/* End PBXNativeTarget section */

/* Begin PBXProject section */
		321B1A9E21359A94001AA2B9 /* Project object */ = {
			isa = PBXProject;
			attributes = {
				LastSwiftUpdateCheck = 0940;
				LastUpgradeCheck = 0940;
				ORGANIZATIONNAME = DanStenLee;
				TargetAttributes = {
					321B1AA521359A94001AA2B9 = {
						CreatedOnToolsVersion = 9.4.1;
					};
				};
			};
			buildConfigurationList = 321B1AA121359A94001AA2B9 /* Build configuration list for PBXProject "MincraftDicFazitFinal" */;
			compatibilityVersion = "Xcode 9.3";
			developmentRegion = en;
			hasScannedForEncodings = 0;
			knownRegions = (
				en,
				Base,
			);
			mainGroup = 321B1A9D21359A94001AA2B9;
			productRefGroup = 321B1AA721359A94001AA2B9 /* Products */;
			projectDirPath = "";
			projectRoot = "";
			targets = (
				321B1AA521359A94001AA2B9 /* MincraftDicFazitFinal */,
			);
		};
/* End PBXProject section */

/* Begin PBXResourcesBuildPhase section */
		321B1AA421359A94001AA2B9 /* Resources */ = {
			isa = PBXResourcesBuildPhase;
			buildActionMask = 2147483647;
			files = (
				321B1AB421359A95001AA2B9 /* LaunchScreen.storyboard in Resources */,
				321B1AC021359FDD001AA2B9 /* Storyboard.storyboard in Resources */,
				321B1AC82135A5DF001AA2B9 /* Media.xcassets in Resources */,
				321B1ABE21359B61001AA2B9 /* minecraft.txt in Resources */,
			);
			runOnlyForDeploymentPostprocessing = 0;
		};
/* End PBXResourcesBuildPhase section */

/* Begin PBXSourcesBuildPhase section */
		321B1AA221359A94001AA2B9 /* Sources */ = {
			isa = PBXSourcesBuildPhase;
			buildActionMask = 2147483647;
			files = (
				321B1AC22135A00F001AA2B9 /* ViewController.swift in Sources */,
				321B1AAA21359A94001AA2B9 /* AppDelegate.swift in Sources */,
				321B1ABC21359AC9001AA2B9 /* DataModle.swift in Sources */,
				321B1ACA2135AB30001AA2B9 /* DetailViewController.swift in Sources */,
			);
			runOnlyForDeploymentPostprocessing = 0;
		};
/* End PBXSourcesBuildPhase section */

/* Begin PBXVariantGroup section */
		321B1AB221359A95001AA2B9 /* LaunchScreen.storyboard */ = {
			isa = PBXVariantGroup;
			children = (
				321B1AB321359A95001AA2B9 /* Base */,
			);
			name = LaunchScreen.storyboard;
			sourceTree = "<group>";
		};
/* End PBXVariantGroup section */

/* Begin XCBuildConfiguration section */
		321B1AB621359A95001AA2B9 /* Debug */ = {
			isa = XCBuildConfiguration;
			buildSettings = {
				ALWAYS_SEARCH_USER_PATHS = NO;
				CLANG_ANALYZER_NONNULL = YES;
				CLANG_ANALYZER_NUMBER_OBJECT_CONVERSION = YES_AGGRESSIVE;
				CLANG_CXX_LANGUAGE_STANDARD = "gnu++14";
				CLANG_CXX_LIBRARY = "libc++";
				CLANG_ENABLE_MODULES = YES;
				CLANG_ENABLE_OBJC_ARC = YES;
				CLANG_ENABLE_OBJC_WEAK = YES;
				CLANG_WARN_BLOCK_CAPTURE_AUTORELEASING = YES;
				CLANG_WARN_BOOL_CONVERSION = YES;
				CLANG_WARN_COMMA = YES;
				CLANG_WARN_CONSTANT_CONVERSION = YES;
				CLANG_WARN_DEPRECATED_OBJC_IMPLEMENTATIONS = YES;
				CLANG_WARN_DIRECT_OBJC_ISA_USAGE = YES_ERROR;
				CLANG_WARN_DOCUMENTATION_COMMENTS = YES;
				CLANG_WARN_EMPTY_BODY = YES;
				CLANG_WARN_ENUM_CONVERSION = YES;
				CLANG_WARN_INFINITE_RECURSION = YES;
				CLANG_WARN_INT_CONVERSION = YES;
				CLANG_WARN_NON_LITERAL_NULL_CONVERSION = YES;
				CLANG_WARN_OBJC_IMPLICIT_RETAIN_SELF = YES;
				CLANG_WARN_OBJC_LITERAL_CONVERSION = YES;
				CLANG_WARN_OBJC_ROOT_CLASS = YES_ERROR;
				CLANG_WARN_RANGE_LOOP_ANALYSIS = YES;
				CLANG_WARN_STRICT_PROTOTYPES = YES;
				CLANG_WARN_SUSPICIOUS_MOVE = YES;
				CLANG_WARN_UNGUARDED_AVAILABILITY = YES_AGGRESSIVE;
				CLANG_WARN_UNREACHABLE_CODE = YES;
				CLANG_WARN__DUPLICATE_METHOD_MATCH = YES;
				CODE_SIGN_IDENTITY = "iPhone Developer";
				COPY_PHASE_STRIP = NO;
				DEBUG_INFORMATION_FORMAT = dwarf;
				ENABLE_STRICT_OBJC_MSGSEND = YES;
				ENABLE_TESTABILITY = YES;
				GCC_C_LANGUAGE_STANDARD = gnu11;
				GCC_DYNAMIC_NO_PIC = NO;
				GCC_NO_COMMON_BLOCKS = YES;
				GCC_OPTIMIZATION_LEVEL = 0;
				GCC_PREPROCESSOR_DEFINITIONS = (
					"DEBUG=1",
					"$(inherited)",
				);
				GCC_WARN_64_TO_32_BIT_CONVERSION = YES;
				GCC_WARN_ABOUT_RETURN_TYPE = YES_ERROR;
				GCC_WARN_UNDECLARED_SELECTOR = YES;
				GCC_WARN_UNINITIALIZED_AUTOS = YES_AGGRESSIVE;
				GCC_WARN_UNUSED_FUNCTION = YES;
				GCC_WARN_UNUSED_VARIABLE = YES;
				IPHONEOS_DEPLOYMENT_TARGET = 11.4;
				MTL_ENABLE_DEBUG_INFO = YES;
				ONLY_ACTIVE_ARCH = YES;
				SDKROOT = iphoneos;
				SWIFT_ACTIVE_COMPILATION_CONDITIONS = DEBUG;
				SWIFT_OPTIMIZATION_LEVEL = "-Onone";
			};
			name = Debug;
		};
		321B1AB721359A95001AA2B9 /* Release */ = {
			isa = XCBuildConfiguration;
			buildSettings = {
				ALWAYS_SEARCH_USER_PATHS = NO;
				CLANG_ANALYZER_NONNULL = YES;
				CLANG_ANALYZER_NUMBER_OBJECT_CONVERSION = YES_AGGRESSIVE;
				CLANG_CXX_LANGUAGE_STANDARD = "gnu++14";
				CLANG_CXX_LIBRARY = "libc++";
				CLANG_ENABLE_MODULES = YES;
				CLANG_ENABLE_OBJC_ARC = YES;
				CLANG_ENABLE_OBJC_WEAK = YES;
				CLANG_WARN_BLOCK_CAPTURE_AUTORELEASING = YES;
				CLANG_WARN_BOOL_CONVERSION = YES;
				CLANG_WARN_COMMA = YES;
				CLANG_WARN_CONSTANT_CONVERSION = YES;
				CLANG_WARN_DEPRECATED_OBJC_IMPLEMENTATIONS = YES;
				CLANG_WARN_DIRECT_OBJC_ISA_USAGE = YES_ERROR;
				CLANG_WARN_DOCUMENTATION_COMMENTS = YES;
				CLANG_WARN_EMPTY_BODY = YES;
				CLANG_WARN_ENUM_CONVERSION = YES;
				CLANG_WARN_INFINITE_RECURSION = YES;
				CLANG_WARN_INT_CONVERSION = YES;
				CLANG_WARN_NON_LITERAL_NULL_CONVERSION = YES;
				CLANG_WARN_OBJC_IMPLICIT_RETAIN_SELF = YES;
				CLANG_WARN_OBJC_LITERAL_CONVERSION = YES;
				CLANG_WARN_OBJC_ROOT_CLASS = YES_ERROR;
				CLANG_WARN_RANGE_LOOP_ANALYSIS = YES;
				CLANG_WARN_STRICT_PROTOTYPES = YES;
				CLANG_WARN_SUSPICIOUS_MOVE = YES;
				CLANG_WARN_UNGUARDED_AVAILABILITY = YES_AGGRESSIVE;
				CLANG_WARN_UNREACHABLE_CODE = YES;
				CLANG_WARN__DUPLICATE_METHOD_MATCH = YES;
				CODE_SIGN_IDENTITY = "iPhone Developer";
				COPY_PHASE_STRIP = NO;
				DEBUG_INFORMATION_FORMAT = "dwarf-with-dsym";
				ENABLE_NS_ASSERTIONS = NO;
				ENABLE_STRICT_OBJC_MSGSEND = YES;
				GCC_C_LANGUAGE_STANDARD = gnu11;
				GCC_NO_COMMON_BLOCKS = YES;
				GCC_WARN_64_TO_32_BIT_CONVERSION = YES;
				GCC_WARN_ABOUT_RETURN_TYPE = YES_ERROR;
				GCC_WARN_UNDECLARED_SELECTOR = YES;
				GCC_WARN_UNINITIALIZED_AUTOS = YES_AGGRESSIVE;
				GCC_WARN_UNUSED_FUNCTION = YES;
				GCC_WARN_UNUSED_VARIABLE = YES;
				IPHONEOS_DEPLOYMENT_TARGET = 11.4;
				MTL_ENABLE_DEBUG_INFO = NO;
				SDKROOT = iphoneos;
				SWIFT_COMPILATION_MODE = wholemodule;
				SWIFT_OPTIMIZATION_LEVEL = "-O";
				VALIDATE_PRODUCT = YES;
			};
			name = Release;
		};
		321B1AB921359A95001AA2B9 /* Debug */ = {
			isa = XCBuildConfiguration;
			buildSettings = {
				CODE_SIGN_STYLE = Automatic;
				DEVELOPMENT_TEAM = R9JTLA9B26;
				INFOPLIST_FILE = MincraftDicFazitFinal/Info.plist;
				LD_RUNPATH_SEARCH_PATHS = (
					"$(inherited)",
					"@executable_path/Frameworks",
				);
				PRODUCT_BUNDLE_IDENTIFIER = de.StenLee.MincraftDicFazitFinal;
				PRODUCT_NAME = "$(TARGET_NAME)";
				SWIFT_VERSION = 4.0;
				TARGETED_DEVICE_FAMILY = "1,2";
			};
			name = Debug;
		};
		321B1ABA21359A95001AA2B9 /* Release */ = {
			isa = XCBuildConfiguration;
			buildSettings = {
				CODE_SIGN_STYLE = Automatic;
				DEVELOPMENT_TEAM = R9JTLA9B26;
				INFOPLIST_FILE = MincraftDicFazitFinal/Info.plist;
				LD_RUNPATH_SEARCH_PATHS = (
					"$(inherited)",
					"@executable_path/Frameworks",
				);
				PRODUCT_BUNDLE_IDENTIFIER = de.StenLee.MincraftDicFazitFinal;
				PRODUCT_NAME = "$(TARGET_NAME)";
				SWIFT_VERSION = 4.0;
				TARGETED_DEVICE_FAMILY = "1,2";
			};
			name = Release;
		};
/* End XCBuildConfiguration section */

/* Begin XCConfigurationList section */
		321B1AA121359A94001AA2B9 /* Build configuration list for PBXProject "MincraftDicFazitFinal" */ = {
			isa = XCConfigurationList;
			buildConfigurations = (
				321B1AB621359A95001AA2B9 /* Debug */,
				321B1AB721359A95001AA2B9 /* Release */,
			);
			defaultConfigurationIsVisible = 0;
			defaultConfigurationName = Release;
		};
		321B1AB821359A95001AA2B9 /* Build configuration list for PBXNativeTarget "MincraftDicFazitFinal" */ = {
			isa = XCConfigurationList;
			buildConfigurations = (
				321B1AB921359A95001AA2B9 /* Debug */,
				321B1ABA21359A95001AA2B9 /* Release */,
			);
			defaultConfigurationIsVisible = 0;
			defaultConfigurationName = Release;
		};
/* End XCConfigurationList section */
	};
	rootObject = 321B1A9E21359A94001AA2B9 /* Project object */;
}
